
Microsoft Visual Studio Solution File, Format Version 12.00
# Visual Studio Version 17
VisualStudioVersion = 17.3.32901.215
MinimumVisualStudioVersion = 10.0.40219.1
Project("{FAE04EC0-301F-11D3-BF4B-00C04F79EFBC}") = "EjercicioPooTransporte", "EjercicioPooTransporte\EjercicioPooTransporte.csproj", "{FEDC1AB3-53D9-4676-86C9-E75DA6EB2030}"
EndProject
Global
	GlobalSection(SolutionConfigurationPlatforms) = preSolution
		Debug|Any CPU = Debug|Any CPU
		Release|Any CPU = Release|Any CPU
	EndGlobalSection
	GlobalSection(ProjectConfigurationPlatforms) = postSolution
		{FEDC1AB3-53D9-4676-86C9-E75DA6EB2030}.Debug|Any CPU.ActiveCfg = Debug|Any CPU
		{FEDC1AB3-53D9-4676-86C9-E75DA6EB2030}.Debug|Any CPU.Build.0 = Debug|Any CPU
		{FEDC1AB3-53D9-4676-86C9-E75DA6EB2030}.Release|Any CPU.ActiveCfg = Release|Any CPU
		{FEDC1AB3-53D9-4676-86C9-E75DA6EB2030}.Release|Any CPU.Build.0 = Release|Any CPU
	EndGlobalSection
	GlobalSection(SolutionProperties) = preSolution
		HideSolutionNode = FALSE
	EndGlobalSection
	GlobalSection(ExtensibilityGlobals) = postSolution
		SolutionGuid = {F9F60BAE-6D79-4857-A446-996E37C52427}
	EndGlobalSection
EndGlobal
