
Microsoft Visual Studio Solution File, Format Version 12.00
# Visual Studio Version 17
VisualStudioVersion = 17.3.32901.215
MinimumVisualStudioVersion = 10.0.40219.1
Project("{FAE04EC0-301F-11D3-BF4B-00C04F79EFBC}") = "Northwind.EF.Data", "Northwind.EF.Data\Northwind.EF.Data.csproj", "{CF9F4A42-EB34-4B73-8004-E352E314C59D}"
EndProject
Project("{FAE04EC0-301F-11D3-BF4B-00C04F79EFBC}") = "Northwind.EF.Logic", "Northwind.EF.Logic\Northwind.EF.Logic.csproj", "{8D815BED-537A-4BE2-BFF9-A27904BBB8F1}"
EndProject
Project("{FAE04EC0-301F-11D3-BF4B-00C04F79EFBC}") = "Northwind.EF.Entities", "Northwind.EF.Entities\Northwind.EF.Entities.csproj", "{2E7DE206-4CD5-460A-95A8-3414779EC59C}"
EndProject
Project("{FAE04EC0-301F-11D3-BF4B-00C04F79EFBC}") = "Northwind.EF.Common", "Northwind.EF.Common\Northwind.EF.Common.csproj", "{9ED0324B-1A68-4242-B4B2-C89776C7B448}"
EndProject
Project("{FAE04EC0-301F-11D3-BF4B-00C04F79EFBC}") = "Northwind.EF.CommonTests", "Northwind.EF.CommonTests\Northwind.EF.CommonTests.csproj", "{69BB83FE-E0A7-4755-AA3E-FB18BB44E828}"
EndProject
Project("{FAE04EC0-301F-11D3-BF4B-00C04F79EFBC}") = "Northwind.MVC.UI", "Northwind.MVC.UI\Northwind.MVC.UI.csproj", "{08642916-51AD-49F5-8217-437FD85F06B9}"
EndProject
Project("{FAE04EC0-301F-11D3-BF4B-00C04F79EFBC}") = "Northwind.API", "Northwind.API\Northwind.API.csproj", "{BFF55CF8-BD7E-4DF0-9992-988A5BCCFA9F}"
EndProject
Global
	GlobalSection(SolutionConfigurationPlatforms) = preSolution
		Debug|Any CPU = Debug|Any CPU
		Release|Any CPU = Release|Any CPU
	EndGlobalSection
	GlobalSection(ProjectConfigurationPlatforms) = postSolution
		{CF9F4A42-EB34-4B73-8004-E352E314C59D}.Debug|Any CPU.ActiveCfg = Debug|Any CPU
		{CF9F4A42-EB34-4B73-8004-E352E314C59D}.Debug|Any CPU.Build.0 = Debug|Any CPU
		{CF9F4A42-EB34-4B73-8004-E352E314C59D}.Release|Any CPU.ActiveCfg = Release|Any CPU
		{CF9F4A42-EB34-4B73-8004-E352E314C59D}.Release|Any CPU.Build.0 = Release|Any CPU
		{8D815BED-537A-4BE2-BFF9-A27904BBB8F1}.Debug|Any CPU.ActiveCfg = Debug|Any CPU
		{8D815BED-537A-4BE2-BFF9-A27904BBB8F1}.Debug|Any CPU.Build.0 = Debug|Any CPU
		{8D815BED-537A-4BE2-BFF9-A27904BBB8F1}.Release|Any CPU.ActiveCfg = Release|Any CPU
		{8D815BED-537A-4BE2-BFF9-A27904BBB8F1}.Release|Any CPU.Build.0 = Release|Any CPU
		{2E7DE206-4CD5-460A-95A8-3414779EC59C}.Debug|Any CPU.ActiveCfg = Debug|Any CPU
		{2E7DE206-4CD5-460A-95A8-3414779EC59C}.Debug|Any CPU.Build.0 = Debug|Any CPU
		{2E7DE206-4CD5-460A-95A8-3414779EC59C}.Release|Any CPU.ActiveCfg = Release|Any CPU
		{2E7DE206-4CD5-460A-95A8-3414779EC59C}.Release|Any CPU.Build.0 = Release|Any CPU
		{9ED0324B-1A68-4242-B4B2-C89776C7B448}.Debug|Any CPU.ActiveCfg = Debug|Any CPU
		{9ED0324B-1A68-4242-B4B2-C89776C7B448}.Debug|Any CPU.Build.0 = Debug|Any CPU
		{9ED0324B-1A68-4242-B4B2-C89776C7B448}.Release|Any CPU.ActiveCfg = Release|Any CPU
		{9ED0324B-1A68-4242-B4B2-C89776C7B448}.Release|Any CPU.Build.0 = Release|Any CPU
		{69BB83FE-E0A7-4755-AA3E-FB18BB44E828}.Debug|Any CPU.ActiveCfg = Debug|Any CPU
		{69BB83FE-E0A7-4755-AA3E-FB18BB44E828}.Debug|Any CPU.Build.0 = Debug|Any CPU
		{69BB83FE-E0A7-4755-AA3E-FB18BB44E828}.Release|Any CPU.ActiveCfg = Release|Any CPU
		{69BB83FE-E0A7-4755-AA3E-FB18BB44E828}.Release|Any CPU.Build.0 = Release|Any CPU
		{08642916-51AD-49F5-8217-437FD85F06B9}.Debug|Any CPU.ActiveCfg = Debug|Any CPU
		{08642916-51AD-49F5-8217-437FD85F06B9}.Debug|Any CPU.Build.0 = Debug|Any CPU
		{08642916-51AD-49F5-8217-437FD85F06B9}.Release|Any CPU.ActiveCfg = Release|Any CPU
		{08642916-51AD-49F5-8217-437FD85F06B9}.Release|Any CPU.Build.0 = Release|Any CPU
		{BFF55CF8-BD7E-4DF0-9992-988A5BCCFA9F}.Debug|Any CPU.ActiveCfg = Debug|Any CPU
		{BFF55CF8-BD7E-4DF0-9992-988A5BCCFA9F}.Debug|Any CPU.Build.0 = Debug|Any CPU
		{BFF55CF8-BD7E-4DF0-9992-988A5BCCFA9F}.Release|Any CPU.ActiveCfg = Release|Any CPU
		{BFF55CF8-BD7E-4DF0-9992-988A5BCCFA9F}.Release|Any CPU.Build.0 = Release|Any CPU
	EndGlobalSection
	GlobalSection(SolutionProperties) = preSolution
		HideSolutionNode = FALSE
	EndGlobalSection
	GlobalSection(ExtensibilityGlobals) = postSolution
		SolutionGuid = {B0807DA1-4ADE-4539-AE58-10B0B73BF968}
	EndGlobalSection
EndGlobal
